<?xml version="1.0" encoding="utf-8"?>
<Project ToolsVersion="4.0" xmlns="http://schemas.microsoft.com/developer/msbuild/2003">
  <ItemGroup>
    <Filter Include="Header Files">
      <UniqueIdentifier>{196801de-f62d-4a5d-82ee-cdb4bb4969b6}</UniqueIdentifier>
    </Filter>
    <Filter Include="Source Files">
      <UniqueIdentifier>{022f9233-827f-499e-aba9-aad187decb4d}</UniqueIdentifier>
    </Filter>
    <Filter Include="TwinCAT UM Files">
      <UniqueIdentifier>{4af45d2d-2654-4222-b6cd-7c86a003a848}</UniqueIdentifier>
    </Filter>
    <Filter Include="TwinCAT RT Files">
      <UniqueIdentifier>{4b286e81-b622-4871-ac26-1532bd3208dd}</UniqueIdentifier>
    </Filter>
    <Filter Include="TwinCAT OS Files">
      <UniqueIdentifier>{52c6e798-e696-4952-8427-c7e31bf874c8}</UniqueIdentifier>
    </Filter>
    <Filter Include="TMC Files">
      <UniqueIdentifier>{fe504448-e3ee-4129-af6c-7a23fd0d9701}</UniqueIdentifier>
    </Filter>
    <Filter Include="Common Files">
      <UniqueIdentifier>{9708ffed-749b-4c7e-b536-79161c07b9fb}</UniqueIdentifier>
    </Filter>
    <Filter Include="Axis">
      <UniqueIdentifier>{8a8deafb-28e6-4d76-8aad-0c40fd5aaddd}</UniqueIdentifier>
    </Filter>
    <Filter Include="Controller">
      <UniqueIdentifier>{f058df8e-8e11-43c1-a9ed-6ef410f5fccf}</UniqueIdentifier>
    </Filter>
    <Filter Include="StateMachine">
      <UniqueIdentifier>{a8d21581-85c9-4ad6-9621-1f33e138f734}</UniqueIdentifier>
    </Filter>
    <Filter Include="StateMachine\Spindle">
      <UniqueIdentifier>{32d6f3fa-1874-439a-a128-6e5eacdc272a}</UniqueIdentifier>
    </Filter>
    <Filter Include="StateMachine\AxisGroup">
      <UniqueIdentifier>{6ca54a2a-279a-404c-8b2c-746248c6a9ce}</UniqueIdentifier>
    </Filter>
    <Filter Include="CommandProcess">
      <UniqueIdentifier>{0bdcbcd5-d923-4c2e-9ee0-206923189f4d}</UniqueIdentifier>
    </Filter>
    <Filter Include="StateMachine\MainState">
      <UniqueIdentifier>{cac2939e-f47e-4481-b9f8-e84b56011f38}</UniqueIdentifier>
    </Filter>
    <Filter Include="StateMachine\Safety">
      <UniqueIdentifier>{e8e1f0c6-50c0-4171-875d-dc2e24180fc7}</UniqueIdentifier>
    </Filter>
  </ItemGroup>
  <ItemGroup>
    <ClInclude Include="Resource.h">
      <Filter>TwinCAT UM Files</Filter>
    </ClInclude>
    <ClInclude Include="TcPch.h">
      <Filter>Header Files</Filter>
    </ClInclude>
    <ClInclude Include="MotionControlClassFactory.h">
      <Filter>Header Files</Filter>
    </ClInclude>
    <ClInclude Include="MotionControlInterfaces.h">
      <Filter>Header Files</Filter>
    </ClInclude>
    <ClInclude Include="MotionControlServices.h">
      <Filter>Header Files</Filter>
    </ClInclude>
    <ClInclude Include="MotionControlCtrl.h">
      <Filter>TwinCAT UM Files</Filter>
    </ClInclude>
    <ClInclude Include="MotionControlDriver.h">
      <Filter>TwinCAT RT Files</Filter>
    </ClInclude>
    <ClInclude Include="MotionControl.h">
      <Filter>Header Files</Filter>
    </ClInclude>
    <ClInclude Include="Common Files\CommonDefine.h">
      <Filter>Common Files</Filter>
    </ClInclude>
    <ClInclude Include="Axis\Driver.h">
      <Filter>Axis</Filter>
    </ClInclude>
    <ClInclude Include="Axis\Biquad.h">
      <Filter>Axis</Filter>
    </ClInclude>
    <ClInclude Include="Axis\Axis.h">
      <Filter>Axis</Filter>
    </ClInclude>
    <ClInclude Include="Axis\AxisGroup.h">
      <Filter>Axis</Filter>
    </ClInclude>
    <ClInclude Include="Axis\Spindle.h">
      <Filter>Axis</Filter>
    </ClInclude>
    <ClInclude Include="Controller\AxisGroupController.h">
      <Filter>Controller</Filter>
    </ClInclude>
    <ClInclude Include="StateMachine\tinyfsm.hpp">
      <Filter>StateMachine</Filter>
    </ClInclude>
    <ClInclude Include="StateMachine\AxisGroupDisabled.h">
      <Filter>StateMachine\AxisGroup</Filter>
    </ClInclude>
    <ClInclude Include="StateMachine\AxisGroupEmergency.h">
      <Filter>StateMachine\AxisGroup</Filter>
    </ClInclude>
    <ClInclude Include="StateMachine\AxisGroupFault.h">
      <Filter>StateMachine\AxisGroup</Filter>
    </ClInclude>
    <ClInclude Include="StateMachine\AxisGroupManualMoving.h">
      <Filter>StateMachine\AxisGroup</Filter>
    </ClInclude>
    <ClInclude Include="StateMachine\AxisGroupIdle.h">
      <Filter>StateMachine\AxisGroup</Filter>
    </ClInclude>
    <ClInclude Include="StateMachine\AxisGroupInitialize.h">
      <Filter>StateMachine\AxisGroup</Filter>
    </ClInclude>
    <ClInclude Include="StateMachine\AxisGroupStateMachine.h">
      <Filter>StateMachine\AxisGroup</Filter>
    </ClInclude>
    <ClInclude Include="StateMachine\AxisGroupContinuousMoving.h">
      <Filter>StateMachine\AxisGroup</Filter>
    </ClInclude>
    <ClInclude Include="StateMachine\AxisGroupStandby.h">
      <Filter>StateMachine\AxisGroup</Filter>
    </ClInclude>
    <ClInclude Include="StateMachine\SpindleStateMachine.h">
      <Filter>StateMachine\Spindle</Filter>
    </ClInclude>
    <ClInclude Include="StateMachine\SpindleIdle.h">
      <Filter>StateMachine\Spindle</Filter>
    </ClInclude>
    <ClInclude Include="StateMachine\SpindleInitialize.h">
      <Filter>StateMachine\Spindle</Filter>
    </ClInclude>
    <ClInclude Include="StateMachine\SpindleDisabled.h">
      <Filter>StateMachine\Spindle</Filter>
    </ClInclude>
    <ClInclude Include="StateMachine\SpindleEnable.h">
      <Filter>StateMachine\Spindle</Filter>
    </ClInclude>
    <ClInclude Include="StateMachine\SpindleRotate.h">
      <Filter>StateMachine\Spindle</Filter>
    </ClInclude>
    <ClInclude Include="StateMachine\SpindleFault.h">
      <Filter>StateMachine\Spindle</Filter>
    </ClInclude>
    <ClInclude Include="StateMachine\SpindleEmergency.h">
      <Filter>StateMachine\Spindle</Filter>
    </ClInclude>
    <ClInclude Include="StateMachine\FsmCommon.h">
      <Filter>StateMachine</Filter>
    </ClInclude>
    <ClInclude Include="CommandProcess\CommandManager.h">
      <Filter>CommandProcess</Filter>
    </ClInclude>
    <ClInclude Include="Common Files\Matrix.h">
      <Filter>Common Files</Filter>
    </ClInclude>
    <ClInclude Include="ModuleSpindle.h">
      <Filter>Header Files</Filter>
    </ClInclude>
    <ClInclude Include="Controller\SpindleController.h">
      <Filter>Controller</Filter>
    </ClInclude>
    <ClInclude Include="CommandProcess\ring_buffer.hh">
      <Filter>CommandProcess</Filter>
    </ClInclude>
    <ClInclude Include="ModuleSafety.h">
      <Filter>Header Files</Filter>
    </ClInclude>
    <ClInclude Include="ModuleAxisGroup.h">
      <Filter>Header Files</Filter>
    </ClInclude>
    <ClInclude Include="StateMachine\SpindleLocate.h">
      <Filter>StateMachine\Spindle</Filter>
    </ClInclude>
    <ClInclude Include="Controller\MainController.h">
      <Filter>Controller</Filter>
    </ClInclude>
    <ClInclude Include="StateMachine\MainStateMachine.h">
      <Filter>StateMachine\MainState</Filter>
    </ClInclude>
    <ClInclude Include="StateMachine\MainStatePreStandby.h">
      <Filter>StateMachine\MainState</Filter>
    </ClInclude>
    <ClInclude Include="StateMachine\MainStateStandby.h">
      <Filter>StateMachine\MainState</Filter>
    </ClInclude>
    <ClInclude Include="StateMachine\MainStateManual.h">
      <Filter>StateMachine\MainState</Filter>
    </ClInclude>
    <ClInclude Include="StateMachine\MainStateBuffering.h">
      <Filter>StateMachine\MainState</Filter>
    </ClInclude>
    <ClInclude Include="StateMachine\MainStateContinuousExecution.h">
      <Filter>StateMachine\MainState</Filter>
    </ClInclude>
    <ClInclude Include="StateMachine\AxisGroupPreStandby.h">
      <Filter>StateMachine\AxisGroup</Filter>
    </ClInclude>
    <ClInclude Include="StateMachine\AxisGroupPreContinuousMoving.h">
      <Filter>StateMachine\AxisGroup</Filter>
    </ClInclude>
    <ClInclude Include="StateMachine\SpindlePreMoving.h">
      <Filter>StateMachine\Spindle</Filter>
    </ClInclude>
    <ClInclude Include="StateMachine\SpindlePostMoving.h">
      <Filter>StateMachine\Spindle</Filter>
    </ClInclude>
    <ClInclude Include="StateMachine\MainStateFault.h">
      <Filter>StateMachine\MainState</Filter>
    </ClInclude>
    <ClInclude Include="StateMachine\MainStateRecovery.h">
      <Filter>StateMachine\MainState</Filter>
    </ClInclude>
    <ClInclude Include="StateMachine\MainStateDisabled.h">
      <Filter>StateMachine\MainState</Filter>
    </ClInclude>
    <ClInclude Include="StateMachine\SafetyStateMachine.h">
      <Filter>StateMachine\Safety</Filter>
    </ClInclude>
    <ClInclude Include="Controller\SafetyController.h">
      <Filter>Controller</Filter>
    </ClInclude>
    <ClInclude Include="StateMachine\SafetyStateNormal.h">
      <Filter>StateMachine\Safety</Filter>
    </ClInclude>
    <ClInclude Include="StateMachine\SafetyStateRecovery.h">
      <Filter>StateMachine\Safety</Filter>
    </ClInclude>
    <ClInclude Include="StateMachine\SafetyStateFault.h">
      <Filter>StateMachine\Safety</Filter>
    </ClInclude>
    <ClInclude Include="StateMachine\SafetyStateWarning.h">
      <Filter>StateMachine\Safety</Filter>
    </ClInclude>
    <ClInclude Include="StateMachine\SafetyStateEmergency.h">
      <Filter>StateMachine\Safety</Filter>
    </ClInclude>
  </ItemGroup>
  <ItemGroup>
    <ClCompile Include="TcPch.cpp">
      <Filter>Source Files</Filter>
    </ClCompile>
    <ClCompile Include="MotionControlClassFactory.cpp">
      <Filter>Source Files</Filter>
    </ClCompile>
    <ClCompile Include="MotionControlCtrl.cpp">
      <Filter>TwinCAT UM Files</Filter>
    </ClCompile>
    <ClCompile Include="MotionControlW32.cpp">
      <Filter>TwinCAT UM Files</Filter>
    </ClCompile>
    <ClCompile Include="MotionControlDriver.cpp">
      <Filter>TwinCAT RT Files</Filter>
    </ClCompile>
    <ClCompile Include="MotionControlMain.cpp">
      <Filter>TwinCAT OS Files</Filter>
    </ClCompile>
    <ClCompile Include="MotionControl.cpp">
      <Filter>Source Files</Filter>
    </ClCompile>
    <ClCompile Include="Axis\Driver.cpp">
      <Filter>Axis</Filter>
    </ClCompile>
    <ClCompile Include="Axis\Biquad.cpp">
      <Filter>Axis</Filter>
    </ClCompile>
    <ClCompile Include="Axis\Axis.cpp">
      <Filter>Axis</Filter>
    </ClCompile>
    <ClCompile Include="Axis\AxisGroup.cpp">
      <Filter>Axis</Filter>
    </ClCompile>
    <ClCompile Include="Axis\Spindle.cpp">
      <Filter>Axis</Filter>
    </ClCompile>
    <ClCompile Include="Controller\AxisGroupController.cpp">
      <Filter>Controller</Filter>
    </ClCompile>
    <ClCompile Include="Common Files\CommonDefine.cpp">
      <Filter>Common Files</Filter>
    </ClCompile>
    <ClCompile Include="StateMachine\AxisGroupStateMachine.cpp">
      <Filter>StateMachine\AxisGroup</Filter>
    </ClCompile>
    <ClCompile Include="StateMachine\SpindleStateMachine.cpp">
      <Filter>StateMachine\Spindle</Filter>
    </ClCompile>
    <ClCompile Include="CommandProcess\CommandManager.cpp">
      <Filter>CommandProcess</Filter>
    </ClCompile>
    <ClCompile Include="Common Files\Matrix.cpp">
      <Filter>Common Files</Filter>
    </ClCompile>
    <ClCompile Include="ModuleSpindle.cpp">
      <Filter>Source Files</Filter>
    </ClCompile>
    <ClCompile Include="Controller\SpindleController.cpp">
      <Filter>Controller</Filter>
    </ClCompile>
    <ClCompile Include="ModuleSafety.cpp">
      <Filter>Source Files</Filter>
    </ClCompile>
    <ClCompile Include="ModuleAxisGroup.cpp">
      <Filter>Source Files</Filter>
    </ClCompile>
    <ClCompile Include="Controller\MainController.cpp">
      <Filter>Controller</Filter>
    </ClCompile>
    <ClCompile Include="StateMachine\MainStateMachine.cpp">
      <Filter>StateMachine\MainState</Filter>
    </ClCompile>
    <ClCompile Include="StateMachine\SafetyStateMachine.cpp">
      <Filter>StateMachine\Safety</Filter>
    </ClCompile>
    <ClCompile Include="Controller\SafetyController.cpp">
      <Filter>Controller</Filter>
    </ClCompile>
  </ItemGroup>
  <ItemGroup>
    <ResourceCompile Include="MotionControl.rc">
      <Filter>Source Files</Filter>
    </ResourceCompile>
    <ResourceCompile Include="MotionControlW32.rc">
      <Filter>TwinCAT UM Files</Filter>
    </ResourceCompile>
  </ItemGroup>
  <ItemGroup>
    <None Include="MotionControlW32.def">
      <Filter>TwinCAT UM Files</Filter>
    </None>
    <None Include="MotionControl.tmc">
      <Filter>TMC Files</Filter>
    </None>
  </ItemGroup>
  <ItemGroup>
    <Midl Include="MotionControlW32.idl">
      <Filter>TwinCAT UM Files</Filter>
    </Midl>
  </ItemGroup>
</Project>